// !$*UTF8*$!
{
	archiveVersion = 1;
	classes = {
	};
	objectVersion = 48;
	objects = {

/* Begin PBXBuildFile section */
		55961593C66DFD73D3CB6B1A /* Pods_Smack.framework in Frameworks */ = {isa = PBXBuildFile; fileRef = 1F2B29435D657258EEB0D000 /* Pods_Smack.framework */; };
		C41B62DC2228AEC700FE2BF4 /* CreateAccountVC.swift in Sources */ = {isa = PBXBuildFile; fileRef = C41B62DB2228AEC700FE2BF4 /* CreateAccountVC.swift */; };
		C4525992221B623600D5044E /* ChatVC.swift in Sources */ = {isa = PBXBuildFile; fileRef = C4525991221B623600D5044E /* ChatVC.swift */; };
		C4525994221B63CA00D5044E /* ChannelVC.swift in Sources */ = {isa = PBXBuildFile; fileRef = C4525993221B63CA00D5044E /* ChannelVC.swift */; };
		C4525995221CAA8D00D5044E /* SWRevealViewController.m in Sources */ = {isa = PBXBuildFile; fileRef = C4EBFDA222160A670048BA2B /* SWRevealViewController.m */; };
		C45B05F122430159007033E2 /* AuthService.swift in Sources */ = {isa = PBXBuildFile; fileRef = C45B05F022430159007033E2 /* AuthService.swift */; };
		C470C609221DDC9A0079AF1C /* GradientView.swift in Sources */ = {isa = PBXBuildFile; fileRef = C470C608221DDC9A0079AF1C /* GradientView.swift */; };
		C4EBFD8E220D3E6B0048BA2B /* AppDelegate.swift in Sources */ = {isa = PBXBuildFile; fileRef = C4EBFD8D220D3E6B0048BA2B /* AppDelegate.swift */; };
		C4EBFD93220D3E6B0048BA2B /* Main.storyboard in Resources */ = {isa = PBXBuildFile; fileRef = C4EBFD91220D3E6B0048BA2B /* Main.storyboard */; };
		C4EBFD95220D3E6B0048BA2B /* Assets.xcassets in Resources */ = {isa = PBXBuildFile; fileRef = C4EBFD94220D3E6B0048BA2B /* Assets.xcassets */; };
		C4EBFD98220D3E6B0048BA2B /* LaunchScreen.storyboard in Resources */ = {isa = PBXBuildFile; fileRef = C4EBFD96220D3E6B0048BA2B /* LaunchScreen.storyboard */; };
		C4F3316422260E8200EF569F /* Constants.swift in Sources */ = {isa = PBXBuildFile; fileRef = C4F3316322260E8200EF569F /* Constants.swift */; };
		C4F331662227607800EF569F /* LoginVC.swift in Sources */ = {isa = PBXBuildFile; fileRef = C4F331652227607800EF569F /* LoginVC.swift */; };
/* End PBXBuildFile section */

/* Begin PBXFileReference section */
		1F2B29435D657258EEB0D000 /* Pods_Smack.framework */ = {isa = PBXFileReference; explicitFileType = wrapper.framework; includeInIndex = 0; path = Pods_Smack.framework; sourceTree = BUILT_PRODUCTS_DIR; };
		6386E198A226F3FEDBC944AF /* Pods-Smack.debug.xcconfig */ = {isa = PBXFileReference; includeInIndex = 1; lastKnownFileType = text.xcconfig; name = "Pods-Smack.debug.xcconfig"; path = "Pods/Target Support Files/Pods-Smack/Pods-Smack.debug.xcconfig"; sourceTree = "<group>"; };
		A3B7F54EB22FB5F92C26999A /* Pods-Smack.release.xcconfig */ = {isa = PBXFileReference; includeInIndex = 1; lastKnownFileType = text.xcconfig; name = "Pods-Smack.release.xcconfig"; path = "Pods/Target Support Files/Pods-Smack/Pods-Smack.release.xcconfig"; sourceTree = "<group>"; };
		C41B62DB2228AEC700FE2BF4 /* CreateAccountVC.swift */ = {isa = PBXFileReference; lastKnownFileType = sourcecode.swift; path = CreateAccountVC.swift; sourceTree = "<group>"; };
		C4525991221B623600D5044E /* ChatVC.swift */ = {isa = PBXFileReference; lastKnownFileType = sourcecode.swift; path = ChatVC.swift; sourceTree = "<group>"; };
		C4525993221B63CA00D5044E /* ChannelVC.swift */ = {isa = PBXFileReference; lastKnownFileType = sourcecode.swift; path = ChannelVC.swift; sourceTree = "<group>"; };
		C45B05F022430159007033E2 /* AuthService.swift */ = {isa = PBXFileReference; lastKnownFileType = sourcecode.swift; path = AuthService.swift; sourceTree = "<group>"; };
		C470C608221DDC9A0079AF1C /* GradientView.swift */ = {isa = PBXFileReference; lastKnownFileType = sourcecode.swift; path = GradientView.swift; sourceTree = "<group>"; };
		C4EBFD8A220D3E6B0048BA2B /* Smack.app */ = {isa = PBXFileReference; explicitFileType = wrapper.application; includeInIndex = 0; path = Smack.app; sourceTree = BUILT_PRODUCTS_DIR; };
		C4EBFD8D220D3E6B0048BA2B /* AppDelegate.swift */ = {isa = PBXFileReference; lastKnownFileType = sourcecode.swift; path = AppDelegate.swift; sourceTree = "<group>"; };
		C4EBFD92220D3E6B0048BA2B /* Base */ = {isa = PBXFileReference; lastKnownFileType = file.storyboard; name = Base; path = Base.lproj/Main.storyboard; sourceTree = "<group>"; };
		C4EBFD94220D3E6B0048BA2B /* Assets.xcassets */ = {isa = PBXFileReference; lastKnownFileType = folder.assetcatalog; path = Assets.xcassets; sourceTree = "<group>"; };
		C4EBFD97220D3E6B0048BA2B /* Base */ = {isa = PBXFileReference; lastKnownFileType = file.storyboard; name = Base; path = Base.lproj/LaunchScreen.storyboard; sourceTree = "<group>"; };
		C4EBFD99220D3E6B0048BA2B /* Info.plist */ = {isa = PBXFileReference; lastKnownFileType = text.plist.xml; path = Info.plist; sourceTree = "<group>"; };
		C4EBFDA022160A650048BA2B /* Smack-Bridging-Header.h */ = {isa = PBXFileReference; lastKnownFileType = sourcecode.c.h; path = "Smack-Bridging-Header.h"; sourceTree = "<group>"; };
		C4EBFDA122160A670048BA2B /* SWRevealViewController.h */ = {isa = PBXFileReference; lastKnownFileType = sourcecode.c.h; path = SWRevealViewController.h; sourceTree = "<group>"; };
		C4EBFDA222160A670048BA2B /* SWRevealViewController.m */ = {isa = PBXFileReference; lastKnownFileType = sourcecode.c.objc; path = SWRevealViewController.m; sourceTree = "<group>"; };
		C4F3316322260E8200EF569F /* Constants.swift */ = {isa = PBXFileReference; lastKnownFileType = sourcecode.swift; path = Constants.swift; sourceTree = "<group>"; };
		C4F331652227607800EF569F /* LoginVC.swift */ = {isa = PBXFileReference; lastKnownFileType = sourcecode.swift; path = LoginVC.swift; sourceTree = "<group>"; };
/* End PBXFileReference section */

/* Begin PBXFrameworksBuildPhase section */
		C4EBFD87220D3E6B0048BA2B /* Frameworks */ = {
			isa = PBXFrameworksBuildPhase;
			buildActionMask = 2147483647;
			files = (
				55961593C66DFD73D3CB6B1A /* Pods_Smack.framework in Frameworks */,
			);
			runOnlyForDeploymentPostprocessing = 0;
		};
/* End PBXFrameworksBuildPhase section */

/* Begin PBXGroup section */
		543010DCBCA3E077DA622E13 /* Frameworks */ = {
			isa = PBXGroup;
			children = (
				1F2B29435D657258EEB0D000 /* Pods_Smack.framework */,
			);
			name = Frameworks;
			sourceTree = "<group>";
		};
		6841AE040C268D784F443DA1 /* Pods */ = {
			isa = PBXGroup;
			children = (
				6386E198A226F3FEDBC944AF /* Pods-Smack.debug.xcconfig */,
				A3B7F54EB22FB5F92C26999A /* Pods-Smack.release.xcconfig */,
			);
			name = Pods;
			sourceTree = "<group>";
		};
		C452598E221B5F6B00D5044E /* Controller */ = {
			isa = PBXGroup;
			children = (
				C4525991221B623600D5044E /* ChatVC.swift */,
				C4525993221B63CA00D5044E /* ChannelVC.swift */,
				C4F331652227607800EF569F /* LoginVC.swift */,
				C41B62DB2228AEC700FE2BF4 /* CreateAccountVC.swift */,
			);
			path = Controller;
			sourceTree = "<group>";
		};
		C452598F221B5F7A00D5044E /* View */ = {
			isa = PBXGroup;
			children = (
				C470C608221DDC9A0079AF1C /* GradientView.swift */,
			);
			path = View;
			sourceTree = "<group>";
		};
		C4525990221B5F8500D5044E /* Model */ = {
			isa = PBXGroup;
			children = (
			);
			path = Model;
			sourceTree = "<group>";
		};
		C45B05EF224300E1007033E2 /* Services */ = {
			isa = PBXGroup;
			children = (
				C45B05F022430159007033E2 /* AuthService.swift */,
			);
			path = Services;
			sourceTree = "<group>";
		};
		C4EBFD81220D3E6B0048BA2B = {
			isa = PBXGroup;
			children = (
				C4EBFD8C220D3E6B0048BA2B /* Smack */,
				C4EBFD8B220D3E6B0048BA2B /* Products */,
				6841AE040C268D784F443DA1 /* Pods */,
				543010DCBCA3E077DA622E13 /* Frameworks */,
			);
			sourceTree = "<group>";
		};
		C4EBFD8B220D3E6B0048BA2B /* Products */ = {
			isa = PBXGroup;
			children = (
				C4EBFD8A220D3E6B0048BA2B /* Smack.app */,
			);
			name = Products;
			sourceTree = "<group>";
		};
		C4EBFD8C220D3E6B0048BA2B /* Smack */ = {
			isa = PBXGroup;
			children = (
				C45B05EF224300E1007033E2 /* Services */,
				C4F3316222260E1500EF569F /* Utilities */,
				C4525990221B5F8500D5044E /* Model */,
				C452598F221B5F7A00D5044E /* View */,
				C452598E221B5F6B00D5044E /* Controller */,
				C4EBFD9F221608340048BA2B /* Supporting Files */,
				C4EBFD8D220D3E6B0048BA2B /* AppDelegate.swift */,
				C4EBFD91220D3E6B0048BA2B /* Main.storyboard */,
				C4EBFD94220D3E6B0048BA2B /* Assets.xcassets */,
				C4EBFD96220D3E6B0048BA2B /* LaunchScreen.storyboard */,
				C4EBFD99220D3E6B0048BA2B /* Info.plist */,
			);
			path = Smack;
			sourceTree = "<group>";
		};
		C4EBFD9F221608340048BA2B /* Supporting Files */ = {
			isa = PBXGroup;
			children = (
				C4EBFDA122160A670048BA2B /* SWRevealViewController.h */,
				C4EBFDA222160A670048BA2B /* SWRevealViewController.m */,
				C4EBFDA022160A650048BA2B /* Smack-Bridging-Header.h */,
			);
			path = "Supporting Files";
			sourceTree = "<group>";
		};
		C4F3316222260E1500EF569F /* Utilities */ = {
			isa = PBXGroup;
			children = (
				C4F3316322260E8200EF569F /* Constants.swift */,
			);
			path = Utilities;
			sourceTree = "<group>";
		};
/* End PBXGroup section */

/* Begin PBXNativeTarget section */
		C4EBFD89220D3E6B0048BA2B /* Smack */ = {
			isa = PBXNativeTarget;
			buildConfigurationList = C4EBFD9C220D3E6B0048BA2B /* Build configuration list for PBXNativeTarget "Smack" */;
			buildPhases = (
				2FD76CEA4E11E01F0ABFF06D /* [CP] Check Pods Manifest.lock */,
				C4EBFD86220D3E6B0048BA2B /* Sources */,
				C4EBFD87220D3E6B0048BA2B /* Frameworks */,
				C4EBFD88220D3E6B0048BA2B /* Resources */,
				75C36BA6C3D93D0B6C7443FE /* [CP] Embed Pods Frameworks */,
			);
			buildRules = (
			);
			dependencies = (
			);
			name = Smack;
			productName = Smack;
			productReference = C4EBFD8A220D3E6B0048BA2B /* Smack.app */;
			productType = "com.apple.product-type.application";
		};
/* End PBXNativeTarget section */

/* Begin PBXProject section */
		C4EBFD82220D3E6B0048BA2B /* Project object */ = {
			isa = PBXProject;
			attributes = {
				LastSwiftUpdateCheck = 0900;
				LastUpgradeCheck = 0900;
				ORGANIZATIONNAME = xianapps;
				TargetAttributes = {
					C4EBFD89220D3E6B0048BA2B = {
						CreatedOnToolsVersion = 9.0;
						LastSwiftMigration = 0900;
						ProvisioningStyle = Automatic;
					};
				};
			};
			buildConfigurationList = C4EBFD85220D3E6B0048BA2B /* Build configuration list for PBXProject "Smack" */;
			compatibilityVersion = "Xcode 8.0";
			developmentRegion = en;
			hasScannedForEncodings = 0;
			knownRegions = (
				en,
				Base,
			);
			mainGroup = C4EBFD81220D3E6B0048BA2B;
			productRefGroup = C4EBFD8B220D3E6B0048BA2B /* Products */;
			projectDirPath = "";
			projectRoot = "";
			targets = (
				C4EBFD89220D3E6B0048BA2B /* Smack */,
			);
		};
/* End PBXProject section */

/* Begin PBXResourcesBuildPhase section */
		C4EBFD88220D3E6B0048BA2B /* Resources */ = {
			isa = PBXResourcesBuildPhase;
			buildActionMask = 2147483647;
			files = (
				C4EBFD98220D3E6B0048BA2B /* LaunchScreen.storyboard in Resources */,
				C4EBFD95220D3E6B0048BA2B /* Assets.xcassets in Resources */,
				C4EBFD93220D3E6B0048BA2B /* Main.storyboard in Resources */,
			);
			runOnlyForDeploymentPostprocessing = 0;
		};
/* End PBXResourcesBuildPhase section */

/* Begin PBXShellScriptBuildPhase section */
		2FD76CEA4E11E01F0ABFF06D /* [CP] Check Pods Manifest.lock */ = {
			isa = PBXShellScriptBuildPhase;
			buildActionMask = 2147483647;
			files = (
			);
			inputPaths = (
				"${PODS_PODFILE_DIR_PATH}/Podfile.lock",
				"${PODS_ROOT}/Manifest.lock",
			);
			name = "[CP] Check Pods Manifest.lock";
			outputPaths = (
				"$(DERIVED_FILE_DIR)/Pods-Smack-checkManifestLockResult.txt",
			);
			runOnlyForDeploymentPostprocessing = 0;
			shellPath = /bin/sh;
			shellScript = "diff \"${PODS_PODFILE_DIR_PATH}/Podfile.lock\" \"${PODS_ROOT}/Manifest.lock\" > /dev/null\nif [ $? != 0 ] ; then\n    # print error to STDERR\n    echo \"error: The sandbox is not in sync with the Podfile.lock. Run 'pod install' or update your CocoaPods installation.\" >&2\n    exit 1\nfi\n# This output is used by Xcode 'outputs' to avoid re-running this script phase.\necho \"SUCCESS\" > \"${SCRIPT_OUTPUT_FILE_0}\"\n";
			showEnvVarsInLog = 0;
		};
		75C36BA6C3D93D0B6C7443FE /* [CP] Embed Pods Frameworks */ = {
			isa = PBXShellScriptBuildPhase;
			buildActionMask = 2147483647;
			files = (
			);
			inputPaths = (
				"${SRCROOT}/Pods/Target Support Files/Pods-Smack/Pods-Smack-frameworks.sh",
				"${BUILT_PRODUCTS_DIR}/Alamofire/Alamofire.framework",
				"${BUILT_PRODUCTS_DIR}/Socket.IO-Client-Swift/SocketIO.framework",
				"${BUILT_PRODUCTS_DIR}/Starscream/Starscream.framework",
				"${BUILT_PRODUCTS_DIR}/SwiftyJSON/SwiftyJSON.framework",
			);
			name = "[CP] Embed Pods Frameworks";
			outputPaths = (
				"${TARGET_BUILD_DIR}/${FRAMEWORKS_FOLDER_PATH}/Alamofire.framework",
				"${TARGET_BUILD_DIR}/${FRAMEWORKS_FOLDER_PATH}/SocketIO.framework",
				"${TARGET_BUILD_DIR}/${FRAMEWORKS_FOLDER_PATH}/Starscream.framework",
				"${TARGET_BUILD_DIR}/${FRAMEWORKS_FOLDER_PATH}/SwiftyJSON.framework",
			);
			runOnlyForDeploymentPostprocessing = 0;
			shellPath = /bin/sh;
			shellScript = "\"${SRCROOT}/Pods/Target Support Files/Pods-Smack/Pods-Smack-frameworks.sh\"\n";
			showEnvVarsInLog = 0;
		};
/* End PBXShellScriptBuildPhase section */

/* Begin PBXSourcesBuildPhase section */
		C4EBFD86220D3E6B0048BA2B /* Sources */ = {
			isa = PBXSourcesBuildPhase;
			buildActionMask = 2147483647;
			files = (
				C4525992221B623600D5044E /* ChatVC.swift in Sources */,
				C4525994221B63CA00D5044E /* ChannelVC.swift in Sources */,
				C41B62DC2228AEC700FE2BF4 /* CreateAccountVC.swift in Sources */,
				C45B05F122430159007033E2 /* AuthService.swift in Sources */,
				C4F331662227607800EF569F /* LoginVC.swift in Sources */,
				C470C609221DDC9A0079AF1C /* GradientView.swift in Sources */,
				C4EBFD8E220D3E6B0048BA2B /* AppDelegate.swift in Sources */,
				C4525995221CAA8D00D5044E /* SWRevealViewController.m in Sources */,
				C4F3316422260E8200EF569F /* Constants.swift in Sources */,
			);
			runOnlyForDeploymentPostprocessing = 0;
		};
/* End PBXSourcesBuildPhase section */

/* Begin PBXVariantGroup section */
		C4EBFD91220D3E6B0048BA2B /* Main.storyboard */ = {
			isa = PBXVariantGroup;
			children = (
				C4EBFD92220D3E6B0048BA2B /* Base */,
			);
			name = Main.storyboard;
			sourceTree = "<group>";
		};
		C4EBFD96220D3E6B0048BA2B /* LaunchScreen.storyboard */ = {
			isa = PBXVariantGroup;
			children = (
				C4EBFD97220D3E6B0048BA2B /* Base */,
			);
			name = LaunchScreen.storyboard;
			sourceTree = "<group>";
		};
/* End PBXVariantGroup section */

/* Begin XCBuildConfiguration section */
		C4EBFD9A220D3E6B0048BA2B /* Debug */ = {
			isa = XCBuildConfiguration;
			buildSettings = {
				ALWAYS_SEARCH_USER_PATHS = NO;
				CLANG_ANALYZER_NONNULL = YES;
				CLANG_ANALYZER_NUMBER_OBJECT_CONVERSION = YES_AGGRESSIVE;
				CLANG_CXX_LANGUAGE_STANDARD = "gnu++14";
				CLANG_CXX_LIBRARY = "libc++";
				CLANG_ENABLE_MODULES = YES;
				CLANG_ENABLE_OBJC_ARC = YES;
				CLANG_WARN_BLOCK_CAPTURE_AUTORELEASING = YES;
				CLANG_WARN_BOOL_CONVERSION = YES;
				CLANG_WARN_COMMA = YES;
				CLANG_WARN_CONSTANT_CONVERSION = YES;
				CLANG_WARN_DIRECT_OBJC_ISA_USAGE = YES_ERROR;
				CLANG_WARN_DOCUMENTATION_COMMENTS = YES;
				CLANG_WARN_EMPTY_BODY = YES;
				CLANG_WARN_ENUM_CONVERSION = YES;
				CLANG_WARN_INFINITE_RECURSION = YES;
				CLANG_WARN_INT_CONVERSION = YES;
				CLANG_WARN_NON_LITERAL_NULL_CONVERSION = YES;
				CLANG_WARN_OBJC_LITERAL_CONVERSION = YES;
				CLANG_WARN_OBJC_ROOT_CLASS = YES_ERROR;
				CLANG_WARN_RANGE_LOOP_ANALYSIS = YES;
				CLANG_WARN_STRICT_PROTOTYPES = YES;
				CLANG_WARN_SUSPICIOUS_MOVE = YES;
				CLANG_WARN_UNGUARDED_AVAILABILITY = YES_AGGRESSIVE;
				CLANG_WARN_UNREACHABLE_CODE = YES;
				CLANG_WARN__DUPLICATE_METHOD_MATCH = YES;
				CODE_SIGN_IDENTITY = "iPhone Developer";
				COPY_PHASE_STRIP = NO;
				DEBUG_INFORMATION_FORMAT = dwarf;
				ENABLE_STRICT_OBJC_MSGSEND = YES;
				ENABLE_TESTABILITY = YES;
				GCC_C_LANGUAGE_STANDARD = gnu11;
				GCC_DYNAMIC_NO_PIC = NO;
				GCC_NO_COMMON_BLOCKS = YES;
				GCC_OPTIMIZATION_LEVEL = 0;
				GCC_PREPROCESSOR_DEFINITIONS = (
					"DEBUG=1",
					"$(inherited)",
				);
				GCC_WARN_64_TO_32_BIT_CONVERSION = YES;
				GCC_WARN_ABOUT_RETURN_TYPE = YES_ERROR;
				GCC_WARN_UNDECLARED_SELECTOR = YES;
				GCC_WARN_UNINITIALIZED_AUTOS = YES_AGGRESSIVE;
				GCC_WARN_UNUSED_FUNCTION = YES;
				GCC_WARN_UNUSED_VARIABLE = YES;
				IPHONEOS_DEPLOYMENT_TARGET = 11.0;
				MTL_ENABLE_DEBUG_INFO = YES;
				ONLY_ACTIVE_ARCH = YES;
				SDKROOT = iphoneos;
				SWIFT_ACTIVE_COMPILATION_CONDITIONS = DEBUG;
				SWIFT_OPTIMIZATION_LEVEL = "-Onone";
			};
			name = Debug;
		};
		C4EBFD9B220D3E6B0048BA2B /* Release */ = {
			isa = XCBuildConfiguration;
			buildSettings = {
				ALWAYS_SEARCH_USER_PATHS = NO;
				CLANG_ANALYZER_NONNULL = YES;
				CLANG_ANALYZER_NUMBER_OBJECT_CONVERSION = YES_AGGRESSIVE;
				CLANG_CXX_LANGUAGE_STANDARD = "gnu++14";
				CLANG_CXX_LIBRARY = "libc++";
				CLANG_ENABLE_MODULES = YES;
				CLANG_ENABLE_OBJC_ARC = YES;
				CLANG_WARN_BLOCK_CAPTURE_AUTORELEASING = YES;
				CLANG_WARN_BOOL_CONVERSION = YES;
				CLANG_WARN_COMMA = YES;
				CLANG_WARN_CONSTANT_CONVERSION = YES;
				CLANG_WARN_DIRECT_OBJC_ISA_USAGE = YES_ERROR;
				CLANG_WARN_DOCUMENTATION_COMMENTS = YES;
				CLANG_WARN_EMPTY_BODY = YES;
				CLANG_WARN_ENUM_CONVERSION = YES;
				CLANG_WARN_INFINITE_RECURSION = YES;
				CLANG_WARN_INT_CONVERSION = YES;
				CLANG_WARN_NON_LITERAL_NULL_CONVERSION = YES;
				CLANG_WARN_OBJC_LITERAL_CONVERSION = YES;
				CLANG_WARN_OBJC_ROOT_CLASS = YES_ERROR;
				CLANG_WARN_RANGE_LOOP_ANALYSIS = YES;
				CLANG_WARN_STRICT_PROTOTYPES = YES;
				CLANG_WARN_SUSPICIOUS_MOVE = YES;
				CLANG_WARN_UNGUARDED_AVAILABILITY = YES_AGGRESSIVE;
				CLANG_WARN_UNREACHABLE_CODE = YES;
				CLANG_WARN__DUPLICATE_METHOD_MATCH = YES;
				CODE_SIGN_IDENTITY = "iPhone Developer";
				COPY_PHASE_STRIP = NO;
				DEBUG_INFORMATION_FORMAT = "dwarf-with-dsym";
				ENABLE_NS_ASSERTIONS = NO;
				ENABLE_STRICT_OBJC_MSGSEND = YES;
				GCC_C_LANGUAGE_STANDARD = gnu11;
				GCC_NO_COMMON_BLOCKS = YES;
				GCC_WARN_64_TO_32_BIT_CONVERSION = YES;
				GCC_WARN_ABOUT_RETURN_TYPE = YES_ERROR;
				GCC_WARN_UNDECLARED_SELECTOR = YES;
				GCC_WARN_UNINITIALIZED_AUTOS = YES_AGGRESSIVE;
				GCC_WARN_UNUSED_FUNCTION = YES;
				GCC_WARN_UNUSED_VARIABLE = YES;
				IPHONEOS_DEPLOYMENT_TARGET = 11.0;
				MTL_ENABLE_DEBUG_INFO = NO;
				SDKROOT = iphoneos;
				SWIFT_OPTIMIZATION_LEVEL = "-Owholemodule";
				VALIDATE_PRODUCT = YES;
			};
			name = Release;
		};
		C4EBFD9D220D3E6B0048BA2B /* Debug */ = {
			isa = XCBuildConfiguration;
			baseConfigurationReference = 6386E198A226F3FEDBC944AF /* Pods-Smack.debug.xcconfig */;
			buildSettings = {
				ASSETCATALOG_COMPILER_APPICON_NAME = AppIcon;
				CLANG_ENABLE_MODULES = YES;
				CODE_SIGN_STYLE = Automatic;
				DEVELOPMENT_TEAM = BTHA2VCGB3;
				INFOPLIST_FILE = Smack/Info.plist;
				LD_RUNPATH_SEARCH_PATHS = "$(inherited) @executable_path/Frameworks";
				PRODUCT_BUNDLE_IDENTIFIER = com.xianapps.Smack;
				PRODUCT_NAME = "$(TARGET_NAME)";
				SWIFT_OBJC_BRIDGING_HEADER = "Smack/Supporting Files/Smack-Bridging-Header.h";
				SWIFT_OPTIMIZATION_LEVEL = "-Onone";
				SWIFT_VERSION = 4.0;
				TARGETED_DEVICE_FAMILY = "1,2";
			};
			name = Debug;
		};
		C4EBFD9E220D3E6B0048BA2B /* Release */ = {
			isa = XCBuildConfiguration;
			baseConfigurationReference = A3B7F54EB22FB5F92C26999A /* Pods-Smack.release.xcconfig */;
			buildSettings = {
				ASSETCATALOG_COMPILER_APPICON_NAME = AppIcon;
				CLANG_ENABLE_MODULES = YES;
				CODE_SIGN_STYLE = Automatic;
				DEVELOPMENT_TEAM = BTHA2VCGB3;
				INFOPLIST_FILE = Smack/Info.plist;
				LD_RUNPATH_SEARCH_PATHS = "$(inherited) @executable_path/Frameworks";
				PRODUCT_BUNDLE_IDENTIFIER = com.xianapps.Smack;
				PRODUCT_NAME = "$(TARGET_NAME)";
				SWIFT_OBJC_BRIDGING_HEADER = "Smack/Supporting Files/Smack-Bridging-Header.h";
				SWIFT_VERSION = 4.0;
				TARGETED_DEVICE_FAMILY = "1,2";
			};
			name = Release;
		};
/* End XCBuildConfiguration section */

/* Begin XCConfigurationList section */
		C4EBFD85220D3E6B0048BA2B /* Build configuration list for PBXProject "Smack" */ = {
			isa = XCConfigurationList;
			buildConfigurations = (
				C4EBFD9A220D3E6B0048BA2B /* Debug */,
				C4EBFD9B220D3E6B0048BA2B /* Release */,
			);
			defaultConfigurationIsVisible = 0;
			defaultConfigurationName = Release;
		};
		C4EBFD9C220D3E6B0048BA2B /* Build configuration list for PBXNativeTarget "Smack" */ = {
			isa = XCConfigurationList;
			buildConfigurations = (
				C4EBFD9D220D3E6B0048BA2B /* Debug */,
				C4EBFD9E220D3E6B0048BA2B /* Release */,
			);
			defaultConfigurationIsVisible = 0;
			defaultConfigurationName = Release;
		};
/* End XCConfigurationList section */
	};
	rootObject = C4EBFD82220D3E6B0048BA2B /* Project object */;
}
