PODS:
  - Alamofire (4.8.1)
  - Socket.IO-Client-Swift (13.2.1):
    - Starscream (~> 3.0.2)
  - Starscream (3.0.5)
  - SwiftyJSON (4.2.0)

DEPENDENCIES:
  - Alamofire
  - Socket.IO-Client-Swift (~> 13.2.0)
  - Starscream (<= 3.0.5)
  - SwiftyJSON

SPEC REPOS:
  https://github.com/cocoapods/specs.git:
    - Alamofire
    - Socket.IO-Client-Swift
    - Starscream
    - SwiftyJSON

SPEC CHECKSUMS:
  Alamofire: 16ce2c353fb72865124ddae8a57c5942388f4f11
  Socket.IO-Client-Swift: b94943e2fb916fe2f95244b9ed21828634002280
  Starscream: faf918b2f2eff7d5dd21180646bf015a669673bd
  SwiftyJSON: c4bcba26dd9ec7a027fc8eade48e2c911f229e96

PODFILE CHECKSUM: cd5bf0ac0e81d92e9c4694b295928d68127e5f73

COCOAPODS: 1.5.2
